
Microsoft Visual Studio Solution File, Format Version 12.00
# Visual Studio Version 17
VisualStudioVersion = 17.6.33723.286
MinimumVisualStudioVersion = 10.0.40219.1
Project("{FAE04EC0-301F-11D3-BF4B-00C04F79EFBC}") = "BankingApp", "BankingApp\BankingApp.csproj", "{FE3E1BAF-DD27-48B2-8B45-62AD8B7591D8}"
EndProject
Global
	GlobalSection(SolutionConfigurationPlatforms) = preSolution
		Debug|Any CPU = Debug|Any CPU
		Release|Any CPU = Release|Any CPU
	EndGlobalSection
	GlobalSection(ProjectConfigurationPlatforms) = postSolution
		{FE3E1BAF-DD27-48B2-8B45-62AD8B7591D8}.Debug|Any CPU.ActiveCfg = Debug|Any CPU
		{FE3E1BAF-DD27-48B2-8B45-62AD8B7591D8}.Debug|Any CPU.Build.0 = Debug|Any CPU
		{FE3E1BAF-DD27-48B2-8B45-62AD8B7591D8}.Release|Any CPU.ActiveCfg = Release|Any CPU
		{FE3E1BAF-DD27-48B2-8B45-62AD8B7591D8}.Release|Any CPU.Build.0 = Release|Any CPU
	EndGlobalSection
	GlobalSection(SolutionProperties) = preSolution
		HideSolutionNode = FALSE
	EndGlobalSection
	GlobalSection(ExtensibilityGlobals) = postSolution
		SolutionGuid = {FFFCE50A-28AA-4136-9CC3-DEC5B19E9CB9}
	EndGlobalSection
EndGlobal
